
Microsoft Visual Studio Solution File, Format Version 12.00
# Visual Studio Version 17
VisualStudioVersion = 17.0.32014.148
MinimumVisualStudioVersion = 10.0.40219.1
Project("{9A19103F-16F7-4668-BE54-9A1E7A4F7556}") = "UmbracoDemo", "UmbracoDemo\UmbracoDemo.csproj", "{1834AD39-4A4F-4B9D-96B1-8D3DFE2E04FD}"
EndProject
Project("{9A19103F-16F7-4668-BE54-9A1E7A4F7556}") = "UmbracoDemo.TestProject", "UmbracoDemo.TestProject\UmbracoDemo.TestProject.csproj", "{8353ABA4-3B27-4013-B6E0-24F292530AE6}"
EndProject
Global
	GlobalSection(SolutionConfigurationPlatforms) = preSolution
		Debug|Any CPU = Debug|Any CPU
		Release|Any CPU = Release|Any CPU
	EndGlobalSection
	GlobalSection(ProjectConfigurationPlatforms) = postSolution
		{1834AD39-4A4F-4B9D-96B1-8D3DFE2E04FD}.Debug|Any CPU.ActiveCfg = Debug|Any CPU
		{1834AD39-4A4F-4B9D-96B1-8D3DFE2E04FD}.Debug|Any CPU.Build.0 = Debug|Any CPU
		{1834AD39-4A4F-4B9D-96B1-8D3DFE2E04FD}.Release|Any CPU.ActiveCfg = Release|Any CPU
		{1834AD39-4A4F-4B9D-96B1-8D3DFE2E04FD}.Release|Any CPU.Build.0 = Release|Any CPU
		{8353ABA4-3B27-4013-B6E0-24F292530AE6}.Debug|Any CPU.ActiveCfg = Debug|Any CPU
		{8353ABA4-3B27-4013-B6E0-24F292530AE6}.Debug|Any CPU.Build.0 = Debug|Any CPU
		{8353ABA4-3B27-4013-B6E0-24F292530AE6}.Release|Any CPU.ActiveCfg = Release|Any CPU
		{8353ABA4-3B27-4013-B6E0-24F292530AE6}.Release|Any CPU.Build.0 = Release|Any CPU
	EndGlobalSection
	GlobalSection(SolutionProperties) = preSolution
		HideSolutionNode = FALSE
	EndGlobalSection
	GlobalSection(ExtensibilityGlobals) = postSolution
		SolutionGuid = {46CBCED5-466F-4E46-A778-1212FFB2493E}
	EndGlobalSection
EndGlobal
